
Microsoft Visual Studio Solution File, Format Version 12.00
# Visual Studio Version 17
VisualStudioVersion = 17.11.35222.181
MinimumVisualStudioVersion = 10.0.40219.1
Project("{9A19103F-16F7-4668-BE54-9A1E7A4F7556}") = "vb2ae.ServiceLocator.MSDependencyInjection", "vb2ae.ServiceLocator.MSDependencyInjection\vb2ae.ServiceLocator.MSDependencyInjection.csproj", "{C49AC1D3-46AE-4912-9CFA-BCD37A88EB16}"
EndProject
Project("{FAE04EC0-301F-11D3-BF4B-00C04F79EFBC}") = "vb2ae.ServiceLocator.MSDependencyInjection.Tests", "vb2ae.ServiceLocator.MSDependencyInjection.Tests\vb2ae.ServiceLocator.MSDependencyInjection.Tests.csproj", "{A0DE469C-A3B9-B5A9-6F02-BE957CE3F1DE}"
EndProject
Global
	GlobalSection(SolutionConfigurationPlatforms) = preSolution
		Debug|Any CPU = Debug|Any CPU
		Release|Any CPU = Release|Any CPU
	EndGlobalSection
	GlobalSection(ProjectConfigurationPlatforms) = postSolution
		{C49AC1D3-46AE-4912-9CFA-BCD37A88EB16}.Debug|Any CPU.ActiveCfg = Debug|Any CPU
		{C49AC1D3-46AE-4912-9CFA-BCD37A88EB16}.Debug|Any CPU.Build.0 = Debug|Any CPU
		{C49AC1D3-46AE-4912-9CFA-BCD37A88EB16}.Release|Any CPU.ActiveCfg = Release|Any CPU
		{C49AC1D3-46AE-4912-9CFA-BCD37A88EB16}.Release|Any CPU.Build.0 = Release|Any CPU
		{A0DE469C-A3B9-B5A9-6F02-BE957CE3F1DE}.Debug|Any CPU.ActiveCfg = Debug|Any CPU
		{A0DE469C-A3B9-B5A9-6F02-BE957CE3F1DE}.Debug|Any CPU.Build.0 = Debug|Any CPU
		{A0DE469C-A3B9-B5A9-6F02-BE957CE3F1DE}.Release|Any CPU.ActiveCfg = Release|Any CPU
		{A0DE469C-A3B9-B5A9-6F02-BE957CE3F1DE}.Release|Any CPU.Build.0 = Release|Any CPU
	EndGlobalSection
	GlobalSection(SolutionProperties) = preSolution
		HideSolutionNode = FALSE
	EndGlobalSection
	GlobalSection(ExtensibilityGlobals) = postSolution
		SolutionGuid = {285995AE-3EC0-44DF-9E83-1218198ECB3A}
	EndGlobalSection
EndGlobal
